gom 'github.com/boltdb/bolt', :commit => '033d4ec028192f38aef67ae47bd7b89f343145b5'
gom 'github.com/gin-gonic/gin', :commit => '704d690ac0e25fcd060ff82f75f913e879e65a3c'
gom 'github.com/gin-gonic/gin/binding'
gom 'github.com/gin-gonic/gin/render'
gom 'github.com/lebedev-yury/cities/config'
gom 'github.com/lebedev-yury/cities/ds'
gom 'github.com/lebedev-yury/cities/middleware'
gom 'github.com/lebedev-yury/cities/parser'
gom 'github.com/manucorporat/sse', :commit => 'fe6ea2c8e398672518ef204bf0fbd9af858d0e15'
gom 'github.com/mattn/go-colorable', :commit => '40e4aedc8fabf8c23e040057540867186712faa5'
gom 'golang.org/x/net/context'
gom 'gopkg.in/bluesuncorp/validator.v5', :commit => '98121ac23ff3d764f525d18d8de944d150e3c0fe'
